Microsoft Visual Studio Solution File, Format Version 11.00
# Visual Studio 2008

Project("{D9429E87-238B-843B-3C6E-AC912FFAC03D}") = "HazardPerception", "Assembly-CSharp-firstpass.csproj", "{4A2DE056-1038-1617-F0A6-A2086A8879F6}"
EndProject
Project("{D9429E87-238B-843B-3C6E-AC912FFAC03D}") = "HazardPerception", "Assembly-UnityScript-firstpass.unityproj", "{8232376C-2F5B-05AF-3C37-93D881177708}"
EndProject
Project("{D9429E87-238B-843B-3C6E-AC912FFAC03D}") = "HazardPerception", "Assembly-UnityScript.unityproj", "{C3C85939-FDDF-68C7-E35F-93F9ADFFF241}"
EndProject
Global
	GlobalSection(SolutionConfigurationPlatforms) = preSolution
		Debug|Any CPU = Debug|Any CPU
		Release|Any CPU = Release|Any CPU
	EndGlobalSection
	GlobalSection(ProjectConfigurationPlatforms) = postSolution
		{4A2DE056-1038-1617-F0A6-A2086A8879F6}.Debug|Any CPU.ActiveCfg = Debug|Any CPU
		{4A2DE056-1038-1617-F0A6-A2086A8879F6}.Debug|Any CPU.Build.0 = Debug|Any CPU
		{4A2DE056-1038-1617-F0A6-A2086A8879F6}.Release|Any CPU.ActiveCfg = Release|Any CPU
		{4A2DE056-1038-1617-F0A6-A2086A8879F6}.Release|Any CPU.Build.0 = Release|Any CPU
		{8232376C-2F5B-05AF-3C37-93D881177708}.Debug|Any CPU.ActiveCfg = Debug|Any CPU
		{8232376C-2F5B-05AF-3C37-93D881177708}.Debug|Any CPU.Build.0 = Debug|Any CPU
		{8232376C-2F5B-05AF-3C37-93D881177708}.Release|Any CPU.ActiveCfg = Release|Any CPU
		{8232376C-2F5B-05AF-3C37-93D881177708}.Release|Any CPU.Build.0 = Release|Any CPU
		{C3C85939-FDDF-68C7-E35F-93F9ADFFF241}.Debug|Any CPU.ActiveCfg = Debug|Any CPU
		{C3C85939-FDDF-68C7-E35F-93F9ADFFF241}.Debug|Any CPU.Build.0 = Debug|Any CPU
		{C3C85939-FDDF-68C7-E35F-93F9ADFFF241}.Release|Any CPU.ActiveCfg = Release|Any CPU
		{C3C85939-FDDF-68C7-E35F-93F9ADFFF241}.Release|Any CPU.Build.0 = Release|Any CPU
	EndGlobalSection
	GlobalSection(SolutionProperties) = preSolution
		HideSolutionNode = FALSE
	EndGlobalSection
																																																							GlobalSection(MonoDevelopProperties) = preSolution
		StartupItem = Assembly-CSharp.csproj
		Policies = $0
		$0.TextStylePolicy = $1
		$1.inheritsSet = null
		$1.scope = text/x-csharp
		$0.CSharpFormattingPolicy = $2
		$2.inheritsSet = Mono
		$2.inheritsScope = text/x-csharp
		$2.scope = text/x-csharp
		$0.TextStylePolicy = $3
		$3.FileWidth = 120
		$3.TabWidth = 4
		$3.EolMarker = Unix
		$3.inheritsSet = Mono
		$3.inheritsScope = text/plain
		$3.scope = text/plain
	EndGlobalSection

EndGlobal
